# THIS IS AN AUTOGENERATED FILE. DO NOT EDIT THIS FILE DIRECTLY.
# yarn lockfile v1
"@most/multicast@^1.2.5":
  version "1.2.5"
  resolved "https://registry.yarnpkg.com/@most/multicast/-/multicast-1.2.5.tgz#ba5abc997f9a6511094bec117914f4959720a8fb"
  dependencies:
    "@most/prelude" "^1.4.0"

"@most/prelude@^1.4.0":
  version "1.4.1"
  resolved "https://registry.yarnpkg.com/@most/prelude/-/prelude-1.4.1.tgz#b940b5563096f27637401618a5351f42466ea8f3"

most:
  version "1.2.1"
  resolved "https://registry.yarnpkg.com/most/-/most-1.2.1.tgz#6457a1a34ca6ef3004168a810fa025b3a56e8769"
  dependencies:
    "@most/multicast" "^1.2.5"
    "@most/prelude" "^1.4.0"
    symbol-observable "^1.0.2"

purescript-arrays@^3.0.0:
  version ""
  resolved "https://github.com/purescript/purescript-arrays.git#1c2ec49ef9c3ee548d21461b0b5ca72494c39f79"
  registry bower
  dependencies:
    purescript-foldable-traversable "^2.0.0"
    purescript-nonempty "^3.0.0"
    purescript-partial "^1.1.0"
    purescript-st "^2.0.0"
    purescript-tailrec "^2.0.0"
    purescript-tuples "^3.0.0"
    purescript-unfoldable "^2.0.0"
    purescript-unsafe-coerce "^2.0.0"

purescript-bifunctors@^2.0.0:
  version ""
  resolved "https://github.com/purescript-contrib/purescript-bifunctors.git#ee0273ac590754a3ea25fcc1ffbef7528853816a"
  registry bower
  dependencies:
    purescript-control "^2.0.0"
    purescript-newtype "^1.0.0"

purescript-console@^2.0.0:
  version ""
  resolved "https://github.com/purescript/purescript-console.git#3d3846c1a625b1996b4bc9e1d7a2fbff407fda25"
  registry bower
  dependencies:
    purescript-eff "^2.0.0"

purescript-control@^2.0.0:
  version ""
  resolved "https://github.com/purescript/purescript-control.git#3a9f762c3d3487006b24f8802bc539d1a5eabe16"
  registry bower
  dependencies:
    purescript-prelude "^2.1.0"

purescript-distributive@^2.0.0:
  version ""
  resolved "https://github.com/mankyKitty/purescript-distributive.git#b96c57cfbda7de175530e28f691650741eb402ce"
  registry bower
  dependencies:
    purescript-identity "^2.0.0"

purescript-eff@^2.0.0:
  version ""
  resolved "https://github.com/purescript/purescript-eff.git#2abcc55adbf94bacd9060e7b8daf8361a3a63780"
  registry bower
  dependencies:
    purescript-prelude "^2.1.0"

purescript-either@^2.0.0:
  version ""
  resolved "https://github.com/purescript/purescript-either.git#dca906b2f13d48faaf261c8eeab0582dd3fd21b2"
  registry bower
  dependencies:
    purescript-foldable-traversable "^2.0.0"

purescript-exceptions@^2.0.0:
  version ""
  resolved "https://github.com/purescript/purescript-exceptions.git#dddae943c69574ef99ee36878ab734b7fa4c2c06"
  registry bower
  dependencies:
    purescript-eff "^2.0.0"
    purescript-either "^2.0.0"
    purescript-maybe "^2.0.0"

purescript-foldable-traversable@^2.0.0:
  version ""
  resolved "https://github.com/purescript/purescript-foldable-traversable.git#fd48ff8cc0df5f4b933fd14e02503a9c7837b698"
  registry bower
  dependencies:
    purescript-bifunctors "^2.0.0"
    purescript-maybe "^2.0.0"

purescript-functions@^2.0.0:
  version ""
  resolved "https://github.com/purescript/purescript-functions.git#50339c2d1f0fe1b40cc4ff4390c72b8d25f2ee46"
  registry bower
  dependencies:
    purescript-prelude "^2.1.0"

purescript-generics@^3.0.0:
  version ""
  resolved "https://github.com/purescript/purescript-generics.git#2271fdab3f04b5512bbc49b41aec3ba00bde4a1f"
  registry bower
  dependencies:
    purescript-arrays "^3.0.0"
    purescript-either "^2.0.0"
    purescript-identity "^2.0.0"
    purescript-proxy "^1.0.0"
    purescript-strings "^2.0.0"

purescript-identity@^2.0.0:
  version ""
  resolved "https://github.com/purescript/purescript-identity.git#87373827e0d31749d7724c36c4fdd7a93d81489f"
  registry bower
  dependencies:
    purescript-foldable-traversable "^2.0.0"

purescript-integers@^2.0.0:
  version ""
  resolved "https://github.com/purescript/purescript-integers.git#f162a9f65f357957ab575b446f09a28e9ba23822"
  registry bower
  dependencies:
    purescript-math "^2.0.0"
    purescript-maybe "^2.0.0"
    purescript-partial "^1.1.2"

purescript-invariant@^2.0.0:
  version ""
  resolved "https://github.com/purescript/purescript-invariant.git#2f3be86e779582661181263cfb928851c72b092a"
  registry bower
  dependencies:
    purescript-prelude "^2.1.0"

purescript-lazy@^2.0.0:
  version ""
  resolved "https://github.com/purescript/purescript-lazy.git#0ecb2a5debb53977ea419c6f35596677ddc2eca9"
  registry bower
  dependencies:
    purescript-monoid "^2.0.0"

purescript-lists@^3.0.0:
  version ""
  resolved "https://github.com/paf31/purescript-lists.git#ec4b5228c94ab19a54954865af5c5b171a13afab"
  registry bower
  dependencies:
    purescript-generics "^3.0.0"
    purescript-lazy "^2.0.0"
    purescript-unfoldable "^2.0.0"

purescript-math@^2.0.0:
  version ""
  resolved "https://github.com/purescript/purescript-math.git#99797b64942dba5f436df0a3fc4f15e08348e524"
  registry bower

purescript-maybe@^2.0.0:
  version ""
  resolved "https://github.com/purescript/purescript-maybe.git#299f5e583fe5a2f6d505e2bae13f71928c007ee6"
  registry bower
  dependencies:
    purescript-monoid "^2.0.0"

purescript-monoid@^2.0.0:
  version ""
  resolved "https://github.com/purescript/purescript-monoid.git#1144b660970a3b3b385f3f2bb05b141a2e97ab09"
  registry bower
  dependencies:
    purescript-control "^2.0.0"
    purescript-invariant "^2.0.0"
    purescript-newtype "^1.0.0"

purescript-newtype@^1.0.0:
  version ""
  resolved "https://github.com/garyb/purescript-newtype.git#a17cdfa67af03275e471fd62db9648ec259c3c08"
  registry bower
  dependencies:
    purescript-prelude "^2.1.0"

purescript-nonempty@^3.0.0:
  version ""
  resolved "https://github.com/paf31/purescript-nonempty.git#3e8b84e0faa4ac2790b07620d721eb716e135729"
  registry bower
  dependencies:
    purescript-foldable-traversable "^2.0.0"

purescript-partial@^1.1.0, purescript-partial@^1.1.2:
  version ""
  resolved "https://github.com/purescript/purescript-partial.git#c8ca0bc6df3b31eeb4ce5b2d86a3f5305fee3ba4"
  registry bower

purescript-prelude@^2.1.0:
  version ""
  resolved "https://github.com/purescript/purescript-prelude.git#a1e2e76dddba0227d6b1a55ff6b2dbfb4d16a6d9"
  registry bower

purescript-proxy@^1.0.0:
  version ""
  resolved "https://github.com/purescript/purescript-proxy.git#dcac4d5d2810b4c7e5a53acfe5e7e8630a4e7758"
  registry bower

purescript-psci-support@^2.0.0:
  version ""
  resolved "https://github.com/purescript/purescript-psci-support.git#0d8a303ac09eea9d724bc2bdff018ac48e8a5f6b"
  registry bower
  dependencies:
    purescript-console "^2.0.0"

purescript-quickcheck@^3.1.1:
  version ""
  resolved "https://github.com/purescript/purescript-quickcheck.git#4783645ce0ff2b13ffbcc0f0daac52649631672f"
  registry bower
  dependencies:
    purescript-arrays "^3.0.0"
    purescript-console "^2.0.0"
    purescript-either "^2.0.0"
    purescript-exceptions "^2.0.0"
    purescript-lists "^3.0.0"
    purescript-random "^2.0.0"
    purescript-strings "^2.0.0"
    purescript-transformers "^2.0.0"

purescript-random@^2.0.0:
  version ""
  resolved "https://github.com/purescript/purescript-random.git#4be576753b6c7fa2cab0b3807b28f2fa379bab2a"
  registry bower
  dependencies:
    purescript-eff "^2.0.0"
    purescript-integers "^2.0.0"
    purescript-math "^2.0.0"

purescript-st@^2.0.0:
  version ""
  resolved "https://github.com/purescript/purescript-st.git#43da907e16e0e54a199ca5a34d981a572f5242cc"
  registry bower
  dependencies:
    purescript-eff "^2.0.0"

purescript-strings@^2.0.0:
  version ""
  resolved "https://github.com/purescript/purescript-strings.git#ed00f298cff06cc066f3593cdf6b0107692aa1dd"
  registry bower
  dependencies:
    purescript-either "^2.0.0"
    purescript-maybe "^2.0.0"
    purescript-partial "^1.1.2"

purescript-tailrec@^2.0.0:
  version ""
  resolved "https://github.com/paf31/purescript-tailrec.git#5a25e548ce14173e2e9c69619d2aafebc0c275d7"
  registry bower
  dependencies:
    purescript-either "^2.0.0"
    purescript-identity "^2.0.0"
    purescript-partial "^1.1.2"
    purescript-st "^2.0.0"

purescript-transformers@^2.0.0:
  version ""
  resolved "https://github.com/purescript/purescript-transformers.git#81dd7fdeba273ef04de484b19c8fe3390f05e310"
  registry bower
  dependencies:
    purescript-arrays "^3.0.0"
    purescript-distributive "^2.0.0"
    purescript-lazy "^2.0.0"
    purescript-tuples "^3.0.0"

purescript-tuples@^3.0.0:
  version ""
  resolved "https://github.com/purescript/purescript-tuples.git#55cbdef48b8719662e2d6fca0506ac91e6c64789"
  registry bower
  dependencies:
    purescript-foldable-traversable "^2.0.0"

purescript-unfoldable@^2.0.0:
  version ""
  resolved "https://github.com/paf31/purescript-unfoldable.git#31f1f132c7edf04606117a901795b2018c96686a"
  registry bower
  dependencies:
    purescript-partial "^1.1.2"
    purescript-tuples "^3.0.0"

purescript-unsafe-coerce@^2.0.0:
  version ""
  resolved "https://github.com/purescript-contrib/purescript-unsafe-coerce.git#302a4a194c60175ab4b068cd7b8d5912c64cda45"
  registry bower

symbol-observable@^1.0.2:
  version "1.0.4"
  resolved "https://registry.yarnpkg.com/symbol-observable/-/symbol-observable-1.0.4.tgz#29bf615d4aa7121bdd898b22d4b3f9bc4e2aa03d"

